// !$*UTF8*$!
{
	archiveVersion = 1;
	classes = {
	};
	objectVersion = 46;
	objects = {

/* Begin PBXBuildFile section */
		B309D09A1D1A7BD800E6FE3C /* main.m in Sources */ = {isa = PBXBuildFile; fileRef = B309D0991D1A7BD800E6FE3C /* main.m */; };
		B309D09D1D1A7BD800E6FE3C /* AppDelegate.m in Sources */ = {isa = PBXBuildFile; fileRef = B309D09C1D1A7BD800E6FE3C /* AppDelegate.m */; };
		B309D0A01D1A7BD800E6FE3C /* ViewController.m in Sources */ = {isa = PBXBuildFile; fileRef = B309D09F1D1A7BD800E6FE3C /* ViewController.m */; };
		B309D0A31D1A7BD800E6FE3C /* Main.storyboard in Resources */ = {isa = PBXBuildFile; fileRef = B309D0A11D1A7BD800E6FE3C /* Main.storyboard */; };
		B309D0A51D1A7BD800E6FE3C /* Assets.xcassets in Resources */ = {isa = PBXBuildFile; fileRef = B309D0A41D1A7BD800E6FE3C /* Assets.xcassets */; };
		B309D0A81D1A7BD800E6FE3C /* LaunchScreen.storyboard in Resources */ = {isa = PBXBuildFile; fileRef = B309D0A61D1A7BD800E6FE3C /* LaunchScreen.storyboard */; };
/* End PBXBuildFile section */

/* Begin PBXFileReference section */
		B309D0951D1A7BD800E6FE3C /* LYBSegmentView.app */ = {isa = PBXFileReference; explicitFileType = wrapper.application; includeInIndex = 0; path = LYBSegmentView.app; sourceTree = BUILT_PRODUCTS_DIR; };
		B309D0991D1A7BD800E6FE3C /* main.m */ = {isa = PBXFileReference; lastKnownFileType = sourcecode.c.objc; path = main.m; sourceTree = "<group>"; };
		B309D09B1D1A7BD800E6FE3C /* AppDelegate.h */ = {isa = PBXFileReference; lastKnownFileType = sourcecode.c.h; path = AppDelegate.h; sourceTree = "<group>"; };
		B309D09C1D1A7BD800E6FE3C /* AppDelegate.m */ = {isa = PBXFileReference; lastKnownFileType = sourcecode.c.objc; path = AppDelegate.m; sourceTree = "<group>"; };
		B309D09E1D1A7BD800E6FE3C /* ViewController.h */ = {isa = PBXFileReference; lastKnownFileType = sourcecode.c.h; path = ViewController.h; sourceTree = "<group>"; };
		B309D09F1D1A7BD800E6FE3C /* ViewController.m */ = {isa = PBXFileReference; lastKnownFileType = sourcecode.c.objc; path = ViewController.m; sourceTree = "<group>"; };
		B309D0A21D1A7BD800E6FE3C /* Base */ = {isa = PBXFileReference; lastKnownFileType = file.storyboard; name = Base; path = Base.lproj/Main.storyboard; sourceTree = "<group>"; };
		B309D0A41D1A7BD800E6FE3C /* Assets.xcassets */ = {isa = PBXFileReference; lastKnownFileType = folder.assetcatalog; path = Assets.xcassets; sourceTree = "<group>"; };
		B309D0A71D1A7BD800E6FE3C /* Base */ = {isa = PBXFileReference; lastKnownFileType = file.storyboard; name = Base; path = Base.lproj/LaunchScreen.storyboard; sourceTree = "<group>"; };
		B309D0A91D1A7BD800E6FE3C /* Info.plist */ = {isa = PBXFileReference; lastKnownFileType = text.plist.xml; path = Info.plist; sourceTree = "<group>"; };
/* End PBXFileReference section */

/* Begin PBXFrameworksBuildPhase section */
		B309D0921D1A7BD800E6FE3C /* Frameworks */ = {
			isa = PBXFrameworksBuildPhase;
			buildActionMask = 2147483647;
			files = (
			);
			runOnlyForDeploymentPostprocessing = 0;
		};
/* End PBXFrameworksBuildPhase section */

/* Begin PBXGroup section */
		B309D08C1D1A7BD800E6FE3C = {
			isa = PBXGroup;
			children = (
				B309D0971D1A7BD800E6FE3C /* LYBSegmentView */,
				B309D0961D1A7BD800E6FE3C /* Products */,
			);
			sourceTree = "<group>";
		};
		B309D0961D1A7BD800E6FE3C /* Products */ = {
			isa = PBXGroup;
			children = (
				B309D0951D1A7BD800E6FE3C /* LYBSegmentView.app */,
			);
			name = Products;
			sourceTree = "<group>";
		};
		B309D0971D1A7BD800E6FE3C /* LYBSegmentView */ = {
			isa = PBXGroup;
			children = (
				B309D09B1D1A7BD800E6FE3C /* AppDelegate.h */,
				B309D09C1D1A7BD800E6FE3C /* AppDelegate.m */,
				B309D09E1D1A7BD800E6FE3C /* ViewController.h */,
				B309D09F1D1A7BD800E6FE3C /* ViewController.m */,
				B309D0A11D1A7BD800E6FE3C /* Main.storyboard */,
				B309D0A41D1A7BD800E6FE3C /* Assets.xcassets */,
				B309D0A61D1A7BD800E6FE3C /* LaunchScreen.storyboard */,
				B309D0A91D1A7BD800E6FE3C /* Info.plist */,
				B309D0981D1A7BD800E6FE3C /* Supporting Files */,
			);
			path = LYBSegmentView;
			sourceTree = "<group>";
		};
		B309D0981D1A7BD800E6FE3C /* Supporting Files */ = {
			isa = PBXGroup;
			children = (
				B309D0991D1A7BD800E6FE3C /* main.m */,
			);
			name = "Supporting Files";
			sourceTree = "<group>";
		};
/* End PBXGroup section */

/* Begin PBXNativeTarget section */
		B309D0941D1A7BD800E6FE3C /* LYBSegmentView */ = {
			isa = PBXNativeTarget;
			buildConfigurationList = B309D0AC1D1A7BD800E6FE3C /* Build configuration list for PBXNativeTarget "LYBSegmentView" */;
			buildPhases = (
				B309D0911D1A7BD800E6FE3C /* Sources */,
				B309D0921D1A7BD800E6FE3C /* Frameworks */,
				B309D0931D1A7BD800E6FE3C /* Resources */,
			);
			buildRules = (
			);
			dependencies = (
			);
			name = LYBSegmentView;
			productName = LYBSegmentView;
			productReference = B309D0951D1A7BD800E6FE3C /* LYBSegmentView.app */;
			productType = "com.apple.product-type.application";
		};
/* End PBXNativeTarget section */

/* Begin PBXProject section */
		B309D08D1D1A7BD800E6FE3C /* Project object */ = {
			isa = PBXProject;
			attributes = {
				LastUpgradeCheck = 0730;
				ORGANIZATIONNAME = Leo;
				TargetAttributes = {
					B309D0941D1A7BD800E6FE3C = {
						CreatedOnToolsVersion = 7.3.1;
					};
				};
			};
			buildConfigurationList = B309D0901D1A7BD800E6FE3C /* Build configuration list for PBXProject "LYBSegmentView" */;
			compatibilityVersion = "Xcode 3.2";
			developmentRegion = English;
			hasScannedForEncodings = 0;
			knownRegions = (
				en,
				Base,
			);
			mainGroup = B309D08C1D1A7BD800E6FE3C;
			productRefGroup = B309D0961D1A7BD800E6FE3C /* Products */;
			projectDirPath = "";
			projectRoot = "";
			targets = (
				B309D0941D1A7BD800E6FE3C /* LYBSegmentView */,
			);
		};
/* End PBXProject section */

/* Begin PBXResourcesBuildPhase section */
		B309D0931D1A7BD800E6FE3C /* Resources */ = {
			isa = PBXResourcesBuildPhase;
			buildActionMask = 2147483647;
			files = (
				B309D0A81D1A7BD800E6FE3C /* LaunchScreen.storyboard in Resources */,
				B309D0A51D1A7BD800E6FE3C /* Assets.xcassets in Resources */,
				B309D0A31D1A7BD800E6FE3C /* Main.storyboard in Resources */,
			);
			runOnlyForDeploymentPostprocessing = 0;
		};
/* End PBXResourcesBuildPhase section */

/* Begin PBXSourcesBuildPhase section */
		B309D0911D1A7BD800E6FE3C /* Sources */ = {
			isa = PBXSourcesBuildPhase;
			buildActionMask = 2147483647;
			files = (
				B309D0A01D1A7BD800E6FE3C /* ViewController.m in Sources */,
				B309D09D1D1A7BD800E6FE3C /* AppDelegate.m in Sources */,
				B309D09A1D1A7BD800E6FE3C /* main.m in Sources */,
			);
			runOnlyForDeploymentPostprocessing = 0;
		};
/* End PBXSourcesBuildPhase section */

/* Begin PBXVariantGroup section */
		B309D0A11D1A7BD800E6FE3C /* Main.storyboard */ = {
			isa = PBXVariantGroup;
			children = (
				B309D0A21D1A7BD800E6FE3C /* Base */,
			);
			name = Main.storyboard;
			sourceTree = "<group>";
		};
		B309D0A61D1A7BD800E6FE3C /* LaunchScreen.storyboard */ = {
			isa = PBXVariantGroup;
			children = (
				B309D0A71D1A7BD800E6FE3C /* Base */,
			);
			name = LaunchScreen.storyboard;
			sourceTree = "<group>";
		};
/* End PBXVariantGroup section */

/* Begin XCBuildConfiguration section */
		B309D0AA1D1A7BD800E6FE3C /* Debug */ = {
			isa = XCBuildConfiguration;
			buildSettings = {
				ALWAYS_SEARCH_USER_PATHS = NO;
				CLANG_ANALYZER_NONNULL = YES;
				CLANG_CXX_LANGUAGE_STANDARD = "gnu++0x";
				CLANG_CXX_LIBRARY = "libc++";
				CLANG_ENABLE_MODULES = YES;
				CLANG_ENABLE_OBJC_ARC = YES;
				CLANG_WARN_BOOL_CONVERSION = YES;
				CLANG_WARN_CONSTANT_CONVERSION = YES;
				CLANG_WARN_DIRECT_OBJC_ISA_USAGE = YES_ERROR;
				CLANG_WARN_EMPTY_BODY = YES;
				CLANG_WARN_ENUM_CONVERSION = YES;
				CLANG_WARN_INT_CONVERSION = YES;
				CLANG_WARN_OBJC_ROOT_CLASS = YES_ERROR;
				CLANG_WARN_UNREACHABLE_CODE = YES;
				CLANG_WARN__DUPLICATE_METHOD_MATCH = YES;
				"CODE_SIGN_IDENTITY[sdk=iphoneos*]" = "iPhone Developer";
				COPY_PHASE_STRIP = NO;
				DEBUG_INFORMATION_FORMAT = dwarf;
				ENABLE_STRICT_OBJC_MSGSEND = YES;
				ENABLE_TESTABILITY = YES;
				GCC_C_LANGUAGE_STANDARD = gnu99;
				GCC_DYNAMIC_NO_PIC = NO;
				GCC_NO_COMMON_BLOCKS = YES;
				GCC_OPTIMIZATION_LEVEL = 0;
				GCC_PREPROCESSOR_DEFINITIONS = (
					"DEBUG=1",
					"$(inherited)",
				);
				GCC_WARN_64_TO_32_BIT_CONVERSION = YES;
				GCC_WARN_ABOUT_RETURN_TYPE = YES_ERROR;
				GCC_WARN_UNDECLARED_SELECTOR = YES;
				GCC_WARN_UNINITIALIZED_AUTOS = YES_AGGRESSIVE;
				GCC_WARN_UNUSED_FUNCTION = YES;
				GCC_WARN_UNUSED_VARIABLE = YES;
				IPHONEOS_DEPLOYMENT_TARGET = 9.3;
				MTL_ENABLE_DEBUG_INFO = YES;
				ONLY_ACTIVE_ARCH = YES;
				SDKROOT = iphoneos;
			};
			name = Debug;
		};
		B309D0AB1D1A7BD800E6FE3C /* Release */ = {
			isa = XCBuildConfiguration;
			buildSettings = {
				ALWAYS_SEARCH_USER_PATHS = NO;
				CLANG_ANALYZER_NONNULL = YES;
				CLANG_CXX_LANGUAGE_STANDARD = "gnu++0x";
				CLANG_CXX_LIBRARY = "libc++";
				CLANG_ENABLE_MODULES = YES;
				CLANG_ENABLE_OBJC_ARC = YES;
				CLANG_WARN_BOOL_CONVERSION = YES;
				CLANG_WARN_CONSTANT_CONVERSION = YES;
				CLANG_WARN_DIRECT_OBJC_ISA_USAGE = YES_ERROR;
				CLANG_WARN_EMPTY_BODY = YES;
				CLANG_WARN_ENUM_CONVERSION = YES;
				CLANG_WARN_INT_CONVERSION = YES;
				CLANG_WARN_OBJC_ROOT_CLASS = YES_ERROR;
				CLANG_WARN_UNREACHABLE_CODE = YES;
				CLANG_WARN__DUPLICATE_METHOD_MATCH = YES;
				"CODE_SIGN_IDENTITY[sdk=iphoneos*]" = "iPhone Developer";
				COPY_PHASE_STRIP = NO;
				DEBUG_INFORMATION_FORMAT = "dwarf-with-dsym";
				ENABLE_NS_ASSERTIONS = NO;
				ENABLE_STRICT_OBJC_MSGSEND = YES;
				GCC_C_LANGUAGE_STANDARD = gnu99;
				GCC_NO_COMMON_BLOCKS = YES;
				GCC_WARN_64_TO_32_BIT_CONVERSION = YES;
				GCC_WARN_ABOUT_RETURN_TYPE = YES_ERROR;
				GCC_WARN_UNDECLARED_SELECTOR = YES;
				GCC_WARN_UNINITIALIZED_AUTOS = YES_AGGRESSIVE;
				GCC_WARN_UNUSED_FUNCTION = YES;
				GCC_WARN_UNUSED_VARIABLE = YES;
				IPHONEOS_DEPLOYMENT_TARGET = 9.3;
				MTL_ENABLE_DEBUG_INFO = NO;
				SDKROOT = iphoneos;
				VALIDATE_PRODUCT = YES;
			};
			name = Release;
		};
		B309D0AD1D1A7BD800E6FE3C /* Debug */ = {
			isa = XCBuildConfiguration;
			buildSettings = {
				ASSETCATALOG_COMPILER_APPICON_NAME = AppIcon;
				INFOPLIST_FILE = LYBSegmentView/Info.plist;
				LD_RUNPATH_SEARCH_PATHS = "$(inherited) @executable_path/Frameworks";
				PRODUCT_BUNDLE_IDENTIFIER = WeiHui.LYBSegmentView;
				PRODUCT_NAME = "$(TARGET_NAME)";
			};
			name = Debug;
		};
		B309D0AE1D1A7BD800E6FE3C /* Release */ = {
			isa = XCBuildConfiguration;
			buildSettings = {
				ASSETCATALOG_COMPILER_APPICON_NAME = AppIcon;
				INFOPLIST_FILE = LYBSegmentView/Info.plist;
				LD_RUNPATH_SEARCH_PATHS = "$(inherited) @executable_path/Frameworks";
				PRODUCT_BUNDLE_IDENTIFIER = WeiHui.LYBSegmentView;
				PRODUCT_NAME = "$(TARGET_NAME)";
			};
			name = Release;
		};
/* End XCBuildConfiguration section */

/* Begin XCConfigurationList section */
		B309D0901D1A7BD800E6FE3C /* Build configuration list for PBXProject "LYBSegmentView" */ = {
			isa = XCConfigurationList;
			buildConfigurations = (
				B309D0AA1D1A7BD800E6FE3C /* Debug */,
				B309D0AB1D1A7BD800E6FE3C /* Release */,
			);
			defaultConfigurationIsVisible = 0;
			defaultConfigurationName = Release;
		};
		B309D0AC1D1A7BD800E6FE3C /* Build configuration list for PBXNativeTarget "LYBSegmentView" */ = {
			isa = XCConfigurationList;
			buildConfigurations = (
				B309D0AD1D1A7BD800E6FE3C /* Debug */,
				B309D0AE1D1A7BD800E6FE3C /* Release */,
			);
			defaultConfigurationIsVisible = 0;
		};
/* End XCConfigurationList section */
	};
	rootObject = B309D08D1D1A7BD800E6FE3C /* Project object */;
}
